
Microsoft Visual Studio Solution File, Format Version 12.00
# Visual Studio 2013
VisualStudioVersion = 12.0.31101.0
MinimumVisualStudioVersion = 10.0.40219.1
Project("{2150E333-8FDC-42A3-9474-1A3956D46DE8}") = "Modules", "Modules", "{C297ABD5-1931-44E6-B567-277188ADE6B5}"
EndProject
Project("{2150E333-8FDC-42A3-9474-1A3956D46DE8}") = "Themes", "Themes", "{6393D88E-71E6-494D-8876-6603B80A14A5}"
EndProject
Project("{FAE04EC0-301F-11D3-BF4B-00C04F79EFBC}") = "Web", "Web\Web.csproj", "{04E2AFD5-FE14-43FA-83CB-05EE509DAB8B}"
EndProject
Project("{FAE04EC0-301F-11D3-BF4B-00C04F79EFBC}") = "Rabbit.Core", "Web\Core\Rabbit.Core.csproj", "{829B5450-FB9F-43D5-BE4B-BFD3F3BCB9AD}"
EndProject
Project("{FAE04EC0-301F-11D3-BF4B-00C04F79EFBC}") = "Rabbit.Infrastructures", "Infrastructures\Rabbit.Infrastructures\Rabbit.Infrastructures.csproj", "{8531192E-27F0-4385-99DD-D67F58BEC89C}"
EndProject
Project("{2150E333-8FDC-42A3-9474-1A3956D46DE8}") = "Infrastructures", "Infrastructures", "{8D4DB6F5-FBDB-4A67-8944-DCDD94BC01AC}"
EndProject
Project("{FAE04EC0-301F-11D3-BF4B-00C04F79EFBC}") = "Rabbit.Contents", "Web\Modules\Rabbit.Contents\Rabbit.Contents.csproj", "{9E0ECFA6-4CE3-41EA-9B94-67E75DB5EE04}"
EndProject
Project("{FAE04EC0-301F-11D3-BF4B-00C04F79EFBC}") = "Themes", "Web\Themes\Themes\Themes.csproj", "{4ACBF0F2-34E2-4CE8-8601-E7FA9E5AD93C}"
EndProject
Project("{FAE04EC0-301F-11D3-BF4B-00C04F79EFBC}") = "Rabbit.Resources", "Web\Modules\Rabbit.Resources\Rabbit.Resources.csproj", "{056C5352-F1A8-4872-B6C0-9BEB6E653264}"
EndProject
Global
	GlobalSection(SolutionConfigurationPlatforms) = preSolution
		Debug|Any CPU = Debug|Any CPU
		Release|Any CPU = Release|Any CPU
	EndGlobalSection
	GlobalSection(ProjectConfigurationPlatforms) = postSolution
		{04E2AFD5-FE14-43FA-83CB-05EE509DAB8B}.Debug|Any CPU.ActiveCfg = Debug|Any CPU
		{04E2AFD5-FE14-43FA-83CB-05EE509DAB8B}.Debug|Any CPU.Build.0 = Debug|Any CPU
		{04E2AFD5-FE14-43FA-83CB-05EE509DAB8B}.Release|Any CPU.ActiveCfg = Release|Any CPU
		{04E2AFD5-FE14-43FA-83CB-05EE509DAB8B}.Release|Any CPU.Build.0 = Release|Any CPU
		{829B5450-FB9F-43D5-BE4B-BFD3F3BCB9AD}.Debug|Any CPU.ActiveCfg = Debug|Any CPU
		{829B5450-FB9F-43D5-BE4B-BFD3F3BCB9AD}.Debug|Any CPU.Build.0 = Debug|Any CPU
		{829B5450-FB9F-43D5-BE4B-BFD3F3BCB9AD}.Release|Any CPU.ActiveCfg = Release|Any CPU
		{829B5450-FB9F-43D5-BE4B-BFD3F3BCB9AD}.Release|Any CPU.Build.0 = Release|Any CPU
		{8531192E-27F0-4385-99DD-D67F58BEC89C}.Debug|Any CPU.ActiveCfg = Debug|Any CPU
		{8531192E-27F0-4385-99DD-D67F58BEC89C}.Debug|Any CPU.Build.0 = Debug|Any CPU
		{8531192E-27F0-4385-99DD-D67F58BEC89C}.Release|Any CPU.ActiveCfg = Release|Any CPU
		{8531192E-27F0-4385-99DD-D67F58BEC89C}.Release|Any CPU.Build.0 = Release|Any CPU
		{9E0ECFA6-4CE3-41EA-9B94-67E75DB5EE04}.Debug|Any CPU.ActiveCfg = Debug|Any CPU
		{9E0ECFA6-4CE3-41EA-9B94-67E75DB5EE04}.Debug|Any CPU.Build.0 = Debug|Any CPU
		{9E0ECFA6-4CE3-41EA-9B94-67E75DB5EE04}.Release|Any CPU.ActiveCfg = Release|Any CPU
		{9E0ECFA6-4CE3-41EA-9B94-67E75DB5EE04}.Release|Any CPU.Build.0 = Release|Any CPU
		{4ACBF0F2-34E2-4CE8-8601-E7FA9E5AD93C}.Debug|Any CPU.ActiveCfg = Debug|Any CPU
		{4ACBF0F2-34E2-4CE8-8601-E7FA9E5AD93C}.Debug|Any CPU.Build.0 = Debug|Any CPU
		{4ACBF0F2-34E2-4CE8-8601-E7FA9E5AD93C}.Release|Any CPU.ActiveCfg = Release|Any CPU
		{4ACBF0F2-34E2-4CE8-8601-E7FA9E5AD93C}.Release|Any CPU.Build.0 = Release|Any CPU
		{056C5352-F1A8-4872-B6C0-9BEB6E653264}.Debug|Any CPU.ActiveCfg = Debug|Any CPU
		{056C5352-F1A8-4872-B6C0-9BEB6E653264}.Debug|Any CPU.Build.0 = Debug|Any CPU
		{056C5352-F1A8-4872-B6C0-9BEB6E653264}.Release|Any CPU.ActiveCfg = Release|Any CPU
		{056C5352-F1A8-4872-B6C0-9BEB6E653264}.Release|Any CPU.Build.0 = Release|Any CPU
	EndGlobalSection
	GlobalSection(SolutionProperties) = preSolution
		HideSolutionNode = FALSE
	EndGlobalSection
	GlobalSection(NestedProjects) = preSolution
		{8531192E-27F0-4385-99DD-D67F58BEC89C} = {8D4DB6F5-FBDB-4A67-8944-DCDD94BC01AC}
		{9E0ECFA6-4CE3-41EA-9B94-67E75DB5EE04} = {C297ABD5-1931-44E6-B567-277188ADE6B5}
		{4ACBF0F2-34E2-4CE8-8601-E7FA9E5AD93C} = {6393D88E-71E6-494D-8876-6603B80A14A5}
		{056C5352-F1A8-4872-B6C0-9BEB6E653264} = {C297ABD5-1931-44E6-B567-277188ADE6B5}
	EndGlobalSection
EndGlobal
